<?xml version="1.0" encoding="utf-8"?>
<Project ToolsVersion="4.0" xmlns="http://schemas.microsoft.com/developer/msbuild/2003">
  <ItemGroup>
    <Filter Include="源文件">
      <UniqueIdentifier>{4FC737F1-C7A5-4376-A066-2A32D752A2FF}</UniqueIdentifier>
      <Extensions>cpp;c;cc;cxx;def;odl;idl;hpj;bat;asm;asmx</Extensions>
    </Filter>
    <Filter Include="头文件">
      <UniqueIdentifier>{93995380-89BD-4b04-88EB-625FBE52EBFB}</UniqueIdentifier>
      <Extensions>h;hh;hpp;hxx;hm;inl;inc;ipp;xsd</Extensions>
    </Filter>
    <Filter Include="资源文件">
      <UniqueIdentifier>{67DA6AB6-F800-4c08-8B7A-83BB121AAD01}</UniqueIdentifier>
      <Extensions>rc;ico;cur;bmp;dlg;rc2;rct;bin;rgs;gif;jpg;jpeg;jpe;resx;tiff;tif;png;wav;mfcribbon-ms</Extensions>
    </Filter>
    <Filter Include="源文件\lib">
      <UniqueIdentifier>{b7037d70-6ea4-415f-9db1-a4f51fad41e4}</UniqueIdentifier>
    </Filter>
    <Filter Include="头文件\camera">
      <UniqueIdentifier>{b36480a2-23ef-483f-8898-5cb7be027b61}</UniqueIdentifier>
    </Filter>
    <Filter Include="头文件\camera\pmd">
      <UniqueIdentifier>{66f50076-5037-47cc-98c5-a5ee3ae6d07d}</UniqueIdentifier>
    </Filter>
    <Filter Include="头文件\camera\axon">
      <UniqueIdentifier>{5d6e7d12-019b-4519-9c83-c2d462a9651e}</UniqueIdentifier>
    </Filter>
    <Filter Include="源文件\lib\camera">
      <UniqueIdentifier>{aa0ab5b5-1cac-4bee-b323-281d8ef7932a}</UniqueIdentifier>
    </Filter>
    <Filter Include="源文件\lib\camera\axon">
      <UniqueIdentifier>{d89271ab-c778-45f6-ac5d-619fdbaafdd2}</UniqueIdentifier>
    </Filter>
    <Filter Include="源文件\lib\camera\pmd">
      <UniqueIdentifier>{e6cafcb4-4066-46d7-b641-9b40c7dd8386}</UniqueIdentifier>
    </Filter>
  </ItemGroup>
  <ItemGroup>
    <ClCompile Include="lib\DepthCamera.cpp">
      <Filter>源文件\lib</Filter>
    </ClCompile>
    <ClCompile Include="lib\Detector.cpp">
      <Filter>源文件\lib</Filter>
    </ClCompile>
    <ClCompile Include="lib\FrameObject.cpp">
      <Filter>源文件\lib</Filter>
    </ClCompile>
    <ClCompile Include="lib\Hand.cpp">
      <Filter>源文件\lib</Filter>
    </ClCompile>
    <ClCompile Include="lib\HandClassifier.cpp">
      <Filter>源文件\lib</Filter>
    </ClCompile>
    <ClCompile Include="lib\HandDetector.cpp">
      <Filter>源文件\lib</Filter>
    </ClCompile>
    <ClCompile Include="lib\Util.cpp">
      <Filter>源文件\lib</Filter>
    </ClCompile>
    <ClCompile Include="lib\Visualizer.cpp">
      <Filter>源文件\lib</Filter>
    </ClCompile>
    <ClCompile Include="main.cpp">
      <Filter>源文件</Filter>
    </ClCompile>
    <ClCompile Include="lib\FramePlane.cpp">
      <Filter>源文件\lib</Filter>
    </ClCompile>
    <ClCompile Include="lib\camera\pmd\PMDCamera.cpp">
      <Filter>源文件\lib\camera\pmd</Filter>
    </ClCompile>
    <ClCompile Include="lib\camera\pmd\PMDCamreaListener.cpp">
      <Filter>源文件\lib\camera\pmd</Filter>
    </ClCompile>
    <ClCompile Include="lib\camera\axon\AxonCamera.cpp">
      <Filter>源文件\lib\camera\axon</Filter>
    </ClCompile>
  </ItemGroup>
  <ItemGroup>
    <ClInclude Include="include\Core.h">
      <Filter>头文件</Filter>
    </ClInclude>
    <ClInclude Include="include\DataBuffer.hpp">
      <Filter>头文件</Filter>
    </ClInclude>
    <ClInclude Include="include\DepthCamera.h">
      <Filter>头文件</Filter>
    </ClInclude>
    <ClInclude Include="include\DetectionParams.h">
      <Filter>头文件</Filter>
    </ClInclude>
    <ClInclude Include="include\Detector.h">
      <Filter>头文件</Filter>
    </ClInclude>
    <ClInclude Include="include\FrameObject.h">
      <Filter>头文件</Filter>
    </ClInclude>
    <ClInclude Include="include\Hand.h">
      <Filter>头文件</Filter>
    </ClInclude>
    <ClInclude Include="include\HandClassifier.h">
      <Filter>头文件</Filter>
    </ClInclude>
    <ClInclude Include="include\HandDetector.h">
      <Filter>头文件</Filter>
    </ClInclude>
    <ClInclude Include="include\stdafx.h">
      <Filter>头文件</Filter>
    </ClInclude>
    <ClInclude Include="include\ThreadPool.hpp">
      <Filter>头文件</Filter>
    </ClInclude>
    <ClInclude Include="include\Util.h">
      <Filter>头文件</Filter>
    </ClInclude>
    <ClInclude Include="include\Visualizer.h">
      <Filter>头文件</Filter>
    </ClInclude>
    <ClInclude Include="include\FramePlane.h">
      <Filter>头文件</Filter>
    </ClInclude>
    <ClInclude Include="include\camera\pmd\PMDCamera.h">
      <Filter>头文件\camera\pmd</Filter>
    </ClInclude>
    <ClInclude Include="include\camera\pmd\PMDCamreaListener.h">
      <Filter>头文件\camera\pmd</Filter>
    </ClInclude>
    <ClInclude Include="include\camera\axon\AxonCamera.h">
      <Filter>头文件\camera\axon</Filter>
    </ClInclude>
    <ClInclude Include="include\Type.hpp">
      <Filter>头文件</Filter>
    </ClInclude>
  </ItemGroup>
</Project>