<?xml version="1.0" encoding="utf-8"?>
<Project ToolsVersion="4.0" xmlns="http://schemas.microsoft.com/developer/msbuild/2003">
  <ItemGroup>
    <Filter Include="源文件">
      <UniqueIdentifier>{4FC737F1-C7A5-4376-A066-2A32D752A2FF}</UniqueIdentifier>
      <Extensions>cpp;c;cc;cxx;def;odl;idl;hpj;bat;asm;asmx</Extensions>
    </Filter>
    <Filter Include="头文件">
      <UniqueIdentifier>{93995380-89BD-4b04-88EB-625FBE52EBFB}</UniqueIdentifier>
      <Extensions>h;hh;hpp;hxx;hm;inl;inc;ipp;xsd</Extensions>
    </Filter>
    <Filter Include="资源文件">
      <UniqueIdentifier>{67DA6AB6-F800-4c08-8B7A-83BB121AAD01}</UniqueIdentifier>
      <Extensions>rc;ico;cur;bmp;dlg;rc2;rct;bin;rgs;gif;jpg;jpeg;jpe;resx;tiff;tif;png;wav;mfcribbon-ms</Extensions>
    </Filter>
    <Filter Include="源文件\lib">
      <UniqueIdentifier>{b7037d70-6ea4-415f-9db1-a4f51fad41e4}</UniqueIdentifier>
    </Filter>
  </ItemGroup>
  <ItemGroup>
    <ClCompile Include="lib\DepthCamera.cpp">
      <Filter>源文件\lib</Filter>
    </ClCompile>
    <ClCompile Include="lib\Detector.cpp">
      <Filter>源文件\lib</Filter>
    </ClCompile>
    <ClCompile Include="lib\FrameObject.cpp">
      <Filter>源文件\lib</Filter>
    </ClCompile>
    <ClCompile Include="lib\Hand.cpp">
      <Filter>源文件\lib</Filter>
    </ClCompile>
    <ClCompile Include="lib\HandClassifier.cpp">
      <Filter>源文件\lib</Filter>
    </ClCompile>
    <ClCompile Include="lib\HandDetector.cpp">
      <Filter>源文件\lib</Filter>
    </ClCompile>
    <ClCompile Include="lib\PMDCamera.cpp">
      <Filter>源文件\lib</Filter>
    </ClCompile>
    <ClCompile Include="lib\PMDCamreaListener.cpp">
      <Filter>源文件\lib</Filter>
    </ClCompile>
    <ClCompile Include="lib\Util.cpp">
      <Filter>源文件\lib</Filter>
    </ClCompile>
    <ClCompile Include="lib\Visualizer.cpp">
      <Filter>源文件\lib</Filter>
    </ClCompile>
    <ClCompile Include="main.cpp">
      <Filter>源文件</Filter>
    </ClCompile>
    <ClCompile Include="lib\FramePlane.cpp">
      <Filter>源文件\lib</Filter>
    </ClCompile>
    <ClCompile Include="Label.cpp">
      <Filter>源文件\lib</Filter>
    </ClCompile>
  </ItemGroup>
  <ItemGroup>
    <ClInclude Include="include\Core.h">
      <Filter>头文件</Filter>
    </ClInclude>
    <ClInclude Include="include\DataBuffer.hpp">
      <Filter>头文件</Filter>
    </ClInclude>
    <ClInclude Include="include\DepthCamera.h">
      <Filter>头文件</Filter>
    </ClInclude>
    <ClInclude Include="include\DetectionParams.h">
      <Filter>头文件</Filter>
    </ClInclude>
    <ClInclude Include="include\Detector.h">
      <Filter>头文件</Filter>
    </ClInclude>
    <ClInclude Include="include\FrameObject.h">
      <Filter>头文件</Filter>
    </ClInclude>
    <ClInclude Include="include\Hand.h">
      <Filter>头文件</Filter>
    </ClInclude>
    <ClInclude Include="include\HandClassifier.h">
      <Filter>头文件</Filter>
    </ClInclude>
    <ClInclude Include="include\HandDetector.h">
      <Filter>头文件</Filter>
    </ClInclude>
    <ClInclude Include="include\PMDCamera.h">
      <Filter>头文件</Filter>
    </ClInclude>
    <ClInclude Include="include\PMDCamreaListener.h">
      <Filter>头文件</Filter>
    </ClInclude>
    <ClInclude Include="include\stdafx.h">
      <Filter>头文件</Filter>
    </ClInclude>
    <ClInclude Include="include\ThreadPool.hpp">
      <Filter>头文件</Filter>
    </ClInclude>
    <ClInclude Include="include\Util.h">
      <Filter>头文件</Filter>
    </ClInclude>
    <ClInclude Include="include\Visualizer.h">
      <Filter>头文件</Filter>
    </ClInclude>
    <ClInclude Include="include\FramePlane.h">
      <Filter>头文件</Filter>
    </ClInclude>
    <ClInclude Include="Label.h">
      <Filter>头文件</Filter>
    </ClInclude>
  </ItemGroup>
</Project>